
Microsoft Visual Studio Solution File, Format Version 12.00
# Visual Studio 15
VisualStudioVersion = 15.0.28010.2036
MinimumVisualStudioVersion = 10.0.40219.1
Project("{9A19103F-16F7-4668-BE54-9A1E7A4F7556}") = "ProjetoLoja.Web", "ProjetoLoja\ProjetoLoja.Web.csproj", "{D76D5EFD-0130-4F9C-B7F8-FB3706E8FB23}"
EndProject
Project("{9A19103F-16F7-4668-BE54-9A1E7A4F7556}") = "ProjetoLoja.Domain", "ProjetoLoja.Domain\ProjetoLoja.Domain.csproj", "{B05FA39B-E02D-40A5-98CF-3B47142D2898}"
EndProject
Project("{9A19103F-16F7-4668-BE54-9A1E7A4F7556}") = "ProjetoLoja.Data", "ProjetoLoja.Data\ProjetoLoja.Data.csproj", "{5A60DFCE-C850-4290-9C1A-8A7402833C1A}"
EndProject
Project("{9A19103F-16F7-4668-BE54-9A1E7A4F7556}") = "ProjetoLoja.DI", "ProjetoLoja.DI\ProjetoLoja.DI.csproj", "{232FDE27-B8FB-41D8-A058-FCAAADC518B4}"
EndProject
Project("{FAE04EC0-301F-11D3-BF4B-00C04F79EFBC}") = "ProjetoLoja.Interfaces", "ProjetoLoja.Interfaces\ProjetoLoja.Interfaces.csproj", "{01168F5C-72DC-4B71-B84D-BD0C07AB851F}"
EndProject
Global
	GlobalSection(SolutionConfigurationPlatforms) = preSolution
		Debug|Any CPU = Debug|Any CPU
		Release|Any CPU = Release|Any CPU
	EndGlobalSection
	GlobalSection(ProjectConfigurationPlatforms) = postSolution
		{D76D5EFD-0130-4F9C-B7F8-FB3706E8FB23}.Debug|Any CPU.ActiveCfg = Debug|Any CPU
		{D76D5EFD-0130-4F9C-B7F8-FB3706E8FB23}.Debug|Any CPU.Build.0 = Debug|Any CPU
		{D76D5EFD-0130-4F9C-B7F8-FB3706E8FB23}.Release|Any CPU.ActiveCfg = Release|Any CPU
		{D76D5EFD-0130-4F9C-B7F8-FB3706E8FB23}.Release|Any CPU.Build.0 = Release|Any CPU
		{B05FA39B-E02D-40A5-98CF-3B47142D2898}.Debug|Any CPU.ActiveCfg = Debug|Any CPU
		{B05FA39B-E02D-40A5-98CF-3B47142D2898}.Debug|Any CPU.Build.0 = Debug|Any CPU
		{B05FA39B-E02D-40A5-98CF-3B47142D2898}.Release|Any CPU.ActiveCfg = Release|Any CPU
		{B05FA39B-E02D-40A5-98CF-3B47142D2898}.Release|Any CPU.Build.0 = Release|Any CPU
		{5A60DFCE-C850-4290-9C1A-8A7402833C1A}.Debug|Any CPU.ActiveCfg = Debug|Any CPU
		{5A60DFCE-C850-4290-9C1A-8A7402833C1A}.Debug|Any CPU.Build.0 = Debug|Any CPU
		{5A60DFCE-C850-4290-9C1A-8A7402833C1A}.Release|Any CPU.ActiveCfg = Release|Any CPU
		{5A60DFCE-C850-4290-9C1A-8A7402833C1A}.Release|Any CPU.Build.0 = Release|Any CPU
		{232FDE27-B8FB-41D8-A058-FCAAADC518B4}.Debug|Any CPU.ActiveCfg = Debug|Any CPU
		{232FDE27-B8FB-41D8-A058-FCAAADC518B4}.Debug|Any CPU.Build.0 = Debug|Any CPU
		{232FDE27-B8FB-41D8-A058-FCAAADC518B4}.Release|Any CPU.ActiveCfg = Release|Any CPU
		{232FDE27-B8FB-41D8-A058-FCAAADC518B4}.Release|Any CPU.Build.0 = Release|Any CPU
		{01168F5C-72DC-4B71-B84D-BD0C07AB851F}.Debug|Any CPU.ActiveCfg = Debug|Any CPU
		{01168F5C-72DC-4B71-B84D-BD0C07AB851F}.Debug|Any CPU.Build.0 = Debug|Any CPU
		{01168F5C-72DC-4B71-B84D-BD0C07AB851F}.Release|Any CPU.ActiveCfg = Release|Any CPU
		{01168F5C-72DC-4B71-B84D-BD0C07AB851F}.Release|Any CPU.Build.0 = Release|Any CPU
	EndGlobalSection
	GlobalSection(SolutionProperties) = preSolution
		HideSolutionNode = FALSE
	EndGlobalSection
	GlobalSection(ExtensibilityGlobals) = postSolution
		SolutionGuid = {E468F088-FE3F-4DBD-A265-E4719C6FEA79}
	EndGlobalSection
EndGlobal
