
Microsoft Visual Studio Solution File, Format Version 12.00
# Visual Studio 15
VisualStudioVersion = 15.0.28010.2036
MinimumVisualStudioVersion = 10.0.40219.1
Project("{9A19103F-16F7-4668-BE54-9A1E7A4F7556}") = "ProjetoLoja", "ProjetoLoja\ProjetoLoja.csproj", "{D76D5EFD-0130-4F9C-B7F8-FB3706E8FB23}"
EndProject
Global
	GlobalSection(SolutionConfigurationPlatforms) = preSolution
		Debug|Any CPU = Debug|Any CPU
		Release|Any CPU = Release|Any CPU
	EndGlobalSection
	GlobalSection(ProjectConfigurationPlatforms) = postSolution
		{D76D5EFD-0130-4F9C-B7F8-FB3706E8FB23}.Debug|Any CPU.ActiveCfg = Debug|Any CPU
		{D76D5EFD-0130-4F9C-B7F8-FB3706E8FB23}.Debug|Any CPU.Build.0 = Debug|Any CPU
		{D76D5EFD-0130-4F9C-B7F8-FB3706E8FB23}.Release|Any CPU.ActiveCfg = Release|Any CPU
		{D76D5EFD-0130-4F9C-B7F8-FB3706E8FB23}.Release|Any CPU.Build.0 = Release|Any CPU
	EndGlobalSection
	GlobalSection(SolutionProperties) = preSolution
		HideSolutionNode = FALSE
	EndGlobalSection
	GlobalSection(ExtensibilityGlobals) = postSolution
		SolutionGuid = {E468F088-FE3F-4DBD-A265-E4719C6FEA79}
	EndGlobalSection
EndGlobal
